{
  "requires": true,
  "lockfileVersion": 1,
  "dependencies": {
    "moment": {
      "version": "2.29.1",
      "resolved": "https://registry.npmjs.org/moment/-/moment-2.29.1.tgz",
      "integrity": "sha512-kHmoybcPV8Sqy59DwNDY3Jefr64lK/by/da0ViFcuA4DH0vQg5Q6Ze5VimxkfQNSC+Mls/Kx53s7TjP1RhFEDQ=="
    },
    "react-native-datepicker": {
      "version": "1.7.2",
      "resolved": "https://registry.npmjs.org/react-native-datepicker/-/react-native-datepicker-1.7.2.tgz",
      "integrity": "sha1-WNCCJZGgrJsyq6CCZQIioO4pZp0=",
      "requires": {
        "moment": "^2.22.0"
      }
    }
  }
}
